// !$*UTF8*$!
{
	archiveVersion = 1;
	classes = {
	};
	objectVersion = 77;
	objects = {

/* Begin PBXBuildFile section */
		048AF8A9022BDB5E9905A05D /* CalendarView.swift in Sources */ = {isa = PBXBuildFile; fileRef = C6A297E2E2B81B4AD87158D5 /* CalendarView.swift */; };
		3B488E1AF300EA5D32CF0EA8 /* WhatToDoApp.swift in Sources */ = {isa = PBXBuildFile; fileRef = 0ADF8C8FD390268745F96F44 /* WhatToDoApp.swift */; };
		5123D5543A68584E6029D909 /* ContentView.swift in Sources */ = {isa = PBXBuildFile; fileRef = 9DF6D3AE0A1F78F7FCB0A001 /* ContentView.swift */; };
		5E675B958C6DDE2929449542 /* TodoItem.swift in Sources */ = {isa = PBXBuildFile; fileRef = 58FBAB7926CB0DA8F346D757 /* TodoItem.swift */; };
		A2BDA4AD6A4D4CEEDD57F5E5 /* RepeatCalendarView.swift in Sources */ = {isa = PBXBuildFile; fileRef = 4ADF8BC4C76657B061336ECB /* RepeatCalendarView.swift */; };
		CE62E905E38285548E33B1FF /* NotepadView.swift in Sources */ = {isa = PBXBuildFile; fileRef = 155336ABD4D14F55E1104EBD /* NotepadView.swift */; };
/* End PBXBuildFile section */

/* Begin PBXFileReference section */
		0ADF8C8FD390268745F96F44 /* WhatToDoApp.swift */ = {isa = PBXFileReference; lastKnownFileType = sourcecode.swift; path = WhatToDoApp.swift; sourceTree = "<group>"; };
		155336ABD4D14F55E1104EBD /* NotepadView.swift */ = {isa = PBXFileReference; lastKnownFileType = sourcecode.swift; path = NotepadView.swift; sourceTree = "<group>"; };
		34D5F903ECDEC8EE4A48CA4E /* WhatToDo.app */ = {isa = PBXFileReference; includeInIndex = 0; lastKnownFileType = wrapper.application; path = WhatToDo.app; sourceTree = BUILT_PRODUCTS_DIR; };
		4ADF8BC4C76657B061336ECB /* RepeatCalendarView.swift */ = {isa = PBXFileReference; lastKnownFileType = sourcecode.swift; path = RepeatCalendarView.swift; sourceTree = "<group>"; };
		58FBAB7926CB0DA8F346D757 /* TodoItem.swift */ = {isa = PBXFileReference; lastKnownFileType = sourcecode.swift; path = TodoItem.swift; sourceTree = "<group>"; };
		80A569DEEC1813704051C00D /* Info.plist */ = {isa = PBXFileReference; lastKnownFileType = text.plist; path = Info.plist; sourceTree = "<group>"; };
		9DF6D3AE0A1F78F7FCB0A001 /* ContentView.swift */ = {isa = PBXFileReference; lastKnownFileType = sourcecode.swift; path = ContentView.swift; sourceTree = "<group>"; };
		C6A297E2E2B81B4AD87158D5 /* CalendarView.swift */ = {isa = PBXFileReference; lastKnownFileType = sourcecode.swift; path = CalendarView.swift; sourceTree = "<group>"; };
/* End PBXFileReference section */

/* Begin PBXGroup section */
		11FD20CF8F45C908FCF62914 /* Products */ = {
			isa = PBXGroup;
			children = (
				34D5F903ECDEC8EE4A48CA4E /* WhatToDo.app */,
			);
			name = Products;
			sourceTree = "<group>";
		};
		57A10B565B6AB92E9BBA9F45 /* Views */ = {
			isa = PBXGroup;
			children = (
				C6A297E2E2B81B4AD87158D5 /* CalendarView.swift */,
				155336ABD4D14F55E1104EBD /* NotepadView.swift */,
				4ADF8BC4C76657B061336ECB /* RepeatCalendarView.swift */,
			);
			path = Views;
			sourceTree = "<group>";
		};
		74C0CD9C25E86CD54AC5B546 /* WhatToDo */ = {
			isa = PBXGroup;
			children = (
				9DF6D3AE0A1F78F7FCB0A001 /* ContentView.swift */,
				80A569DEEC1813704051C00D /* Info.plist */,
				0ADF8C8FD390268745F96F44 /* WhatToDoApp.swift */,
				A697542C94769069142E28C8 /* Models */,
				57A10B565B6AB92E9BBA9F45 /* Views */,
			);
			path = WhatToDo;
			sourceTree = "<group>";
		};
		A697542C94769069142E28C8 /* Models */ = {
			isa = PBXGroup;
			children = (
				58FBAB7926CB0DA8F346D757 /* TodoItem.swift */,
			);
			path = Models;
			sourceTree = "<group>";
		};
		DF29B56F23DD14DAF7E01C76 = {
			isa = PBXGroup;
			children = (
				74C0CD9C25E86CD54AC5B546 /* WhatToDo */,
				11FD20CF8F45C908FCF62914 /* Products */,
			);
			sourceTree = "<group>";
		};
/* End PBXGroup section */

/* Begin PBXNativeTarget section */
		F970933E2B4329D6B74784F0 /* WhatToDo */ = {
			isa = PBXNativeTarget;
			buildConfigurationList = 4640C23CAE8F3EF2B06389C3 /* Build configuration list for PBXNativeTarget "WhatToDo" */;
			buildPhases = (
				79E3FFC7920E3272DDAA198F /* Sources */,
			);
			buildRules = (
			);
			dependencies = (
			);
			name = WhatToDo;
			packageProductDependencies = (
			);
			productName = WhatToDo;
			productReference = 34D5F903ECDEC8EE4A48CA4E /* WhatToDo.app */;
			productType = "com.apple.product-type.application";
		};
/* End PBXNativeTarget section */

/* Begin PBXProject section */
		E573F2F1409EF0450158888C /* Project object */ = {
			isa = PBXProject;
			attributes = {
				BuildIndependentTargetsInParallel = YES;
				LastUpgradeCheck = 1430;
				TargetAttributes = {
				};
			};
			buildConfigurationList = EFDFF19BC608D54858796C96 /* Build configuration list for PBXProject "WhatToDo" */;
			developmentRegion = en;
			hasScannedForEncodings = 0;
			knownRegions = (
				Base,
				en,
			);
			mainGroup = DF29B56F23DD14DAF7E01C76;
			minimizedProjectReferenceProxies = 1;
			preferredProjectObjectVersion = 77;
			productRefGroup = 11FD20CF8F45C908FCF62914 /* Products */;
			projectDirPath = "";
			projectRoot = "";
			targets = (
				F970933E2B4329D6B74784F0 /* WhatToDo */,
			);
		};
/* End PBXProject section */

/* Begin PBXSourcesBuildPhase section */
		79E3FFC7920E3272DDAA198F /* Sources */ = {
			isa = PBXSourcesBuildPhase;
			buildActionMask = 2147483647;
			files = (
				048AF8A9022BDB5E9905A05D /* CalendarView.swift in Sources */,
				5123D5543A68584E6029D909 /* ContentView.swift in Sources */,
				CE62E905E38285548E33B1FF /* NotepadView.swift in Sources */,
				A2BDA4AD6A4D4CEEDD57F5E5 /* RepeatCalendarView.swift in Sources */,
				5E675B958C6DDE2929449542 /* TodoItem.swift in Sources */,
				3B488E1AF300EA5D32CF0EA8 /* WhatToDoApp.swift in Sources */,
			);
			runOnlyForDeploymentPostprocessing = 0;
		};
/* End PBXSourcesBuildPhase section */

/* Begin XCBuildConfiguration section */
		210B76F250A8E854E82EFB57 /* Debug */ = {
			isa = XCBuildConfiguration;
			buildSettings = {
				ASSETCATALOG_COMPILER_APPICON_NAME = AppIcon;
				CODE_SIGN_IDENTITY = "iPhone Developer";
				INFOPLIST_FILE = WhatToDo/Info.plist;
				LD_RUNPATH_SEARCH_PATHS = (
					"$(inherited)",
					"@executable_path/Frameworks",
				);
				PRODUCT_BUNDLE_IDENTIFIER = com.legendherokim.whattodo;
				SDKROOT = iphoneos;
				TARGETED_DEVICE_FAMILY = "1,2";
			};
			name = Debug;
		};
		6D5F93BE7200372AA84BED7D /* Release */ = {
			isa = XCBuildConfiguration;
			buildSettings = {
				ASSETCATALOG_COMPILER_APPICON_NAME = AppIcon;
				CODE_SIGN_IDENTITY = "iPhone Developer";
				INFOPLIST_FILE = WhatToDo/Info.plist;
				LD_RUNPATH_SEARCH_PATHS = (
					"$(inherited)",
					"@executable_path/Frameworks",
				);
				PRODUCT_BUNDLE_IDENTIFIER = com.legendherokim.whattodo;
				SDKROOT = iphoneos;
				TARGETED_DEVICE_FAMILY = "1,2";
			};
			name = Release;
		};
		85CDE758C718D27DE23B7693 /* Debug */ = {
			isa = XCBuildConfiguration;
			buildSettings = {
				ALWAYS_SEARCH_USER_PATHS = NO;
				CLANG_ANALYZER_NONNULL = YES;
				CLANG_ANALYZER_NUMBER_OBJECT_CONVERSION = YES_AGGRESSIVE;
				CLANG_CXX_LANGUAGE_STANDARD = "gnu++14";
				CLANG_CXX_LIBRARY = "libc++";
				CLANG_ENABLE_MODULES = YES;
				CLANG_ENABLE_OBJC_ARC = YES;
				CLANG_ENABLE_OBJC_WEAK = YES;
				CLANG_WARN_BLOCK_CAPTURE_AUTORELEASING = YES;
				CLANG_WARN_BOOL_CONVERSION = YES;
				CLANG_WARN_COMMA = YES;
				CLANG_WARN_CONSTANT_CONVERSION = YES;
				CLANG_WARN_DEPRECATED_OBJC_IMPLEMENTATIONS = YES;
				CLANG_WARN_DIRECT_OBJC_ISA_USAGE = YES_ERROR;
				CLANG_WARN_DOCUMENTATION_COMMENTS = YES;
				CLANG_WARN_EMPTY_BODY = YES;
				CLANG_WARN_ENUM_CONVERSION = YES;
				CLANG_WARN_INFINITE_RECURSION = YES;
				CLANG_WARN_INT_CONVERSION = YES;
				CLANG_WARN_NON_LITERAL_NULL_CONVERSION = YES;
				CLANG_WARN_OBJC_IMPLICIT_RETAIN_SELF = YES;
				CLANG_WARN_OBJC_LITERAL_CONVERSION = YES;
				CLANG_WARN_OBJC_ROOT_CLASS = YES_ERROR;
				CLANG_WARN_QUOTED_INCLUDE_IN_FRAMEWORK_HEADER = YES;
				CLANG_WARN_RANGE_LOOP_ANALYSIS = YES;
				CLANG_WARN_STRICT_PROTOTYPES = YES;
				CLANG_WARN_SUSPICIOUS_MOVE = YES;
				CLANG_WARN_UNGUARDED_AVAILABILITY = YES_AGGRESSIVE;
				CLANG_WARN_UNREACHABLE_CODE = YES;
				CLANG_WARN__DUPLICATE_METHOD_MATCH = YES;
				COPY_PHASE_STRIP = NO;
				CURRENT_PROJECT_VERSION = 1;
				DEBUG_INFORMATION_FORMAT = dwarf;
				ENABLE_STRICT_OBJC_MSGSEND = YES;
				ENABLE_TESTABILITY = YES;
				GCC_C_LANGUAGE_STANDARD = gnu11;
				GCC_DYNAMIC_NO_PIC = NO;
				GCC_NO_COMMON_BLOCKS = YES;
				GCC_OPTIMIZATION_LEVEL = 0;
				GCC_PREPROCESSOR_DEFINITIONS = (
					"$(inherited)",
					"DEBUG=1",
				);
				GCC_WARN_64_TO_32_BIT_CONVERSION = YES;
				GCC_WARN_ABOUT_RETURN_TYPE = YES_ERROR;
				GCC_WARN_UNDECLARED_SELECTOR = YES;
				GCC_WARN_UNINITIALIZED_AUTOS = YES_AGGRESSIVE;
				GCC_WARN_UNUSED_FUNCTION = YES;
				GCC_WARN_UNUSED_VARIABLE = YES;
				IPHONEOS_DEPLOYMENT_TARGET = 17.0;
				MARKETING_VERSION = 1.0.0;
				MTL_ENABLE_DEBUG_INFO = INCLUDE_SOURCE;
				MTL_FAST_MATH = YES;
				ONLY_ACTIVE_ARCH = YES;
				PRODUCT_NAME = "$(TARGET_NAME)";
				SDKROOT = iphoneos;
				SWIFT_ACTIVE_COMPILATION_CONDITIONS = DEBUG;
				SWIFT_OPTIMIZATION_LEVEL = "-Onone";
				SWIFT_VERSION = 5.9;
			};
			name = Debug;
		};
		D15B53AE48ADCE2F9267DB86 /* Release */ = {
			isa = XCBuildConfiguration;
			buildSettings = {
				ALWAYS_SEARCH_USER_PATHS = NO;
				CLANG_ANALYZER_NONNULL = YES;
				CLANG_ANALYZER_NUMBER_OBJECT_CONVERSION = YES_AGGRESSIVE;
				CLANG_CXX_LANGUAGE_STANDARD = "gnu++14";
				CLANG_CXX_LIBRARY = "libc++";
				CLANG_ENABLE_MODULES = YES;
				CLANG_ENABLE_OBJC_ARC = YES;
				CLANG_ENABLE_OBJC_WEAK = YES;
				CLANG_WARN_BLOCK_CAPTURE_AUTORELEASING = YES;
				CLANG_WARN_BOOL_CONVERSION = YES;
				CLANG_WARN_COMMA = YES;
				CLANG_WARN_CONSTANT_CONVERSION = YES;
				CLANG_WARN_DEPRECATED_OBJC_IMPLEMENTATIONS = YES;
				CLANG_WARN_DIRECT_OBJC_ISA_USAGE = YES_ERROR;
				CLANG_WARN_DOCUMENTATION_COMMENTS = YES;
				CLANG_WARN_EMPTY_BODY = YES;
				CLANG_WARN_ENUM_CONVERSION = YES;
				CLANG_WARN_INFINITE_RECURSION = YES;
				CLANG_WARN_INT_CONVERSION = YES;
				CLANG_WARN_NON_LITERAL_NULL_CONVERSION = YES;
				CLANG_WARN_OBJC_IMPLICIT_RETAIN_SELF = YES;
				CLANG_WARN_OBJC_LITERAL_CONVERSION = YES;
				CLANG_WARN_OBJC_ROOT_CLASS = YES_ERROR;
				CLANG_WARN_QUOTED_INCLUDE_IN_FRAMEWORK_HEADER = YES;
				CLANG_WARN_RANGE_LOOP_ANALYSIS = YES;
				CLANG_WARN_STRICT_PROTOTYPES = YES;
				CLANG_WARN_SUSPICIOUS_MOVE = YES;
				CLANG_WARN_UNGUARDED_AVAILABILITY = YES_AGGRESSIVE;
				CLANG_WARN_UNREACHABLE_CODE = YES;
				CLANG_WARN__DUPLICATE_METHOD_MATCH = YES;
				COPY_PHASE_STRIP = NO;
				CURRENT_PROJECT_VERSION = 1;
				DEBUG_INFORMATION_FORMAT = "dwarf-with-dsym";
				ENABLE_NS_ASSERTIONS = NO;
				ENABLE_STRICT_OBJC_MSGSEND = YES;
				GCC_C_LANGUAGE_STANDARD = gnu11;
				GCC_NO_COMMON_BLOCKS = YES;
				GCC_WARN_64_TO_32_BIT_CONVERSION = YES;
				GCC_WARN_ABOUT_RETURN_TYPE = YES_ERROR;
				GCC_WARN_UNDECLARED_SELECTOR = YES;
				GCC_WARN_UNINITIALIZED_AUTOS = YES_AGGRESSIVE;
				GCC_WARN_UNUSED_FUNCTION = YES;
				GCC_WARN_UNUSED_VARIABLE = YES;
				IPHONEOS_DEPLOYMENT_TARGET = 17.0;
				MARKETING_VERSION = 1.0.0;
				MTL_ENABLE_DEBUG_INFO = NO;
				MTL_FAST_MATH = YES;
				PRODUCT_NAME = "$(TARGET_NAME)";
				SDKROOT = iphoneos;
				SWIFT_COMPILATION_MODE = wholemodule;
				SWIFT_OPTIMIZATION_LEVEL = "-O";
				SWIFT_VERSION = 5.9;
			};
			name = Release;
		};
/* End XCBuildConfiguration section */

/* Begin XCConfigurationList section */
		4640C23CAE8F3EF2B06389C3 /* Build configuration list for PBXNativeTarget "WhatToDo" */ = {
			isa = XCConfigurationList;
			buildConfigurations = (
				210B76F250A8E854E82EFB57 /* Debug */,
				6D5F93BE7200372AA84BED7D /* Release */,
			);
			defaultConfigurationIsVisible = 0;
			defaultConfigurationName = Debug;
		};
		EFDFF19BC608D54858796C96 /* Build configuration list for PBXProject "WhatToDo" */ = {
			isa = XCConfigurationList;
			buildConfigurations = (
				85CDE758C718D27DE23B7693 /* Debug */,
				D15B53AE48ADCE2F9267DB86 /* Release */,
			);
			defaultConfigurationIsVisible = 0;
			defaultConfigurationName = Debug;
		};
/* End XCConfigurationList section */
	};
	rootObject = E573F2F1409EF0450158888C /* Project object */;
}
